
Microsoft Visual Studio Solution File, Format Version 12.00
# Visual Studio 2017
Project("{FAE04EC0-301F-11D3-BF4B-00C04F79EFBC}") = "Moped Mayhem v1.0", "Moped Mayhem v1.0.csproj", "{B17964F1-E9C2-BC1E-6E87-70208B7E7267}"
EndProject
Project("{FAE04EC0-301F-11D3-BF4B-00C04F79EFBC}") = "Moped Mayhem v1.0.Editor", "Moped Mayhem v1.0.Editor.csproj", "{A8062236-DF69-D0F6-97D1-C1CA6C2FCD88}"
EndProject
Global
	GlobalSection(SolutionConfigurationPlatforms) = preSolution
		Debug|Any CPU = Debug|Any CPU
		Release|Any CPU = Release|Any CPU
	EndGlobalSection
	GlobalSection(ProjectConfigurationPlatforms) = postSolution
		{B17964F1-E9C2-BC1E-6E87-70208B7E7267}.Debug|Any CPU.ActiveCfg = Debug|Any CPU
		{B17964F1-E9C2-BC1E-6E87-70208B7E7267}.Debug|Any CPU.Build.0 = Debug|Any CPU
		{B17964F1-E9C2-BC1E-6E87-70208B7E7267}.Release|Any CPU.ActiveCfg = Release|Any CPU
		{B17964F1-E9C2-BC1E-6E87-70208B7E7267}.Release|Any CPU.Build.0 = Release|Any CPU
		{A8062236-DF69-D0F6-97D1-C1CA6C2FCD88}.Debug|Any CPU.ActiveCfg = Debug|Any CPU
		{A8062236-DF69-D0F6-97D1-C1CA6C2FCD88}.Debug|Any CPU.Build.0 = Debug|Any CPU
		{A8062236-DF69-D0F6-97D1-C1CA6C2FCD88}.Release|Any CPU.ActiveCfg = Release|Any CPU
		{A8062236-DF69-D0F6-97D1-C1CA6C2FCD88}.Release|Any CPU.Build.0 = Release|Any CPU
	EndGlobalSection
	GlobalSection(SolutionProperties) = preSolution
		HideSolutionNode = FALSE
	EndGlobalSection
EndGlobal
