
Microsoft Visual Studio Solution File, Format Version 11.00
# Visual Studio 2010
Project("{FAE04EC0-301F-11D3-BF4B-00C04F79EFBC}") = "Moped Mayhem v1.0", "Assembly-CSharp.csproj", "{93B3822B-921D-CB7C-4280-D9AF3C20C3D5}"
EndProject
Project("{FAE04EC0-301F-11D3-BF4B-00C04F79EFBC}") = "Moped Mayhem v1.0", "Assembly-CSharp-Editor.csproj", "{993AA401-4942-FA2A-36E4-55F0D512F751}"
EndProject
Global
	GlobalSection(SolutionConfigurationPlatforms) = preSolution
		Debug|Any CPU = Debug|Any CPU
		Release|Any CPU = Release|Any CPU
	EndGlobalSection
	GlobalSection(ProjectConfigurationPlatforms) = postSolution
		{93B3822B-921D-CB7C-4280-D9AF3C20C3D5}.Debug|Any CPU.ActiveCfg = Debug|Any CPU
		{93B3822B-921D-CB7C-4280-D9AF3C20C3D5}.Debug|Any CPU.Build.0 = Debug|Any CPU
		{93B3822B-921D-CB7C-4280-D9AF3C20C3D5}.Release|Any CPU.ActiveCfg = Release|Any CPU
		{93B3822B-921D-CB7C-4280-D9AF3C20C3D5}.Release|Any CPU.Build.0 = Release|Any CPU
		{993AA401-4942-FA2A-36E4-55F0D512F751}.Debug|Any CPU.ActiveCfg = Debug|Any CPU
		{993AA401-4942-FA2A-36E4-55F0D512F751}.Debug|Any CPU.Build.0 = Debug|Any CPU
		{993AA401-4942-FA2A-36E4-55F0D512F751}.Release|Any CPU.ActiveCfg = Release|Any CPU
		{993AA401-4942-FA2A-36E4-55F0D512F751}.Release|Any CPU.Build.0 = Release|Any CPU
	EndGlobalSection
	GlobalSection(SolutionProperties) = preSolution
		HideSolutionNode = FALSE
	EndGlobalSection
	GlobalSection(MonoDevelopProperties) = preSolution
		StartupItem = Assembly-CSharp.csproj
	EndGlobalSection
EndGlobal
